
Microsoft Visual Studio Solution File, Format Version 12.00
# Visual Studio Version 17
VisualStudioVersion = 17.8.34330.188
MinimumVisualStudioVersion = 10.0.40219.1
Project("{FAE04EC0-301F-11D3-BF4B-00C04F79EFBC}") = "server", "server\server.csproj", "{0B4CF0D2-15EB-4D6E-9068-5FA88FBAC103}"
EndProject
Global
	GlobalSection(SolutionConfigurationPlatforms) = preSolution
		Debug|Any CPU = Debug|Any CPU
		Release|Any CPU = Release|Any CPU
	EndGlobalSection
	GlobalSection(ProjectConfigurationPlatforms) = postSolution
		{0B4CF0D2-15EB-4D6E-9068-5FA88FBAC103}.Debug|Any CPU.ActiveCfg = Debug|Any CPU
		{0B4CF0D2-15EB-4D6E-9068-5FA88FBAC103}.Debug|Any CPU.Build.0 = Debug|Any CPU
		{0B4CF0D2-15EB-4D6E-9068-5FA88FBAC103}.Release|Any CPU.ActiveCfg = Release|Any CPU
		{0B4CF0D2-15EB-4D6E-9068-5FA88FBAC103}.Release|Any CPU.Build.0 = Release|Any CPU
	EndGlobalSection
	GlobalSection(SolutionProperties) = preSolution
		HideSolutionNode = FALSE
	EndGlobalSection
	GlobalSection(ExtensibilityGlobals) = postSolution
		SolutionGuid = {95A4CE7B-FE57-431E-9CF6-16A78EB2DCE9}
	EndGlobalSection
EndGlobal
